
Microsoft Visual Studio Solution File, Format Version 12.00
# Visual Studio Version 16
VisualStudioVersion = 25.0.1706.6
MinimumVisualStudioVersion = 10.0.40219.1
Project("{FAE04EC0-301F-11D3-BF4B-00C04F79EFBC}") = "RecipeApp", "RecipeApp.csproj", "{D9B4697B-A798-4AA0-969F-DFD19E7F1FB3}"
EndProject
Global
	GlobalSection(SolutionConfigurationPlatforms) = preSolution
		Debug|Any CPU = Debug|Any CPU
		Release|Any CPU = Release|Any CPU
	EndGlobalSection
	GlobalSection(ProjectConfigurationPlatforms) = postSolution
		{D9B4697B-A798-4AA0-969F-DFD19E7F1FB3}.Debug|Any CPU.ActiveCfg = Debug|Any CPU
		{D9B4697B-A798-4AA0-969F-DFD19E7F1FB3}.Debug|Any CPU.Build.0 = Debug|Any CPU
		{D9B4697B-A798-4AA0-969F-DFD19E7F1FB3}.Release|Any CPU.ActiveCfg = Release|Any CPU
		{D9B4697B-A798-4AA0-969F-DFD19E7F1FB3}.Release|Any CPU.Build.0 = Release|Any CPU
	EndGlobalSection
	GlobalSection(SolutionProperties) = preSolution
		HideSolutionNode = FALSE
	EndGlobalSection
	GlobalSection(ExtensibilityGlobals) = postSolution
		SolutionGuid = {20E316B2-F891-48CE-932E-2657BFE51A3D}
	EndGlobalSection
EndGlobal
